{
  "version": 4,
  "terraform_version": "1.1.4",
  "serial": 13,
  "lineage": "14e4d059-4439-f9e3-8624-fdae02414b66",
  "outputs": {},
  "resources": [
    {
      "mode": "managed",
      "type": "aws_s3_bucket",
      "name": "stock-data-lake",
      "provider": "provider[\"registry.terraform.io/hashicorp/aws\"]",
      "instances": [
        {
          "schema_version": 0,
          "attributes": {
            "acceleration_status": "",
            "acl": null,
            "arn": "arn:aws:s3:::stock-data-lake-20221127014914767000000001",
            "bucket": "stock-data-lake-20221127014914767000000001",
            "bucket_domain_name": "stock-data-lake-20221127014914767000000001.s3.amazonaws.com",
            "bucket_prefix": "stock-data-lake-",
            "bucket_regional_domain_name": "stock-data-lake-20221127014914767000000001.s3.amazonaws.com",
            "cors_rule": [],
            "force_destroy": true,
            "grant": [
              {
                "id": "1c744b19d38c1248b40937b80685258229883603ad3d2bbd0cc34f741a71163c",
                "permissions": [
                  "FULL_CONTROL"
                ],
                "type": "CanonicalUser",
                "uri": ""
              }
            ],
            "hosted_zone_id": "Z3AQBSTGFYJSTF",
            "id": "stock-data-lake-20221127014914767000000001",
            "lifecycle_rule": [],
            "logging": [],
            "object_lock_configuration": [],
            "object_lock_enabled": false,
            "policy": "",
            "region": "us-east-1",
            "replication_configuration": [],
            "request_payer": "BucketOwner",
            "server_side_encryption_configuration": [],
            "tags": null,
            "tags_all": {},
            "timeouts": null,
            "versioning": [
              {
                "enabled": false,
                "mfa_delete": false
              }
            ],
            "website": [],
            "website_domain": null,
            "website_endpoint": null
          },
          "sensitive_attributes": [],
          "private": "eyJlMmJmYjczMC1lY2FhLTExZTYtOGY4OC0zNDM2M2JjN2M0YzAiOnsiY3JlYXRlIjoxMjAwMDAwMDAwMDAwLCJkZWxldGUiOjM2MDAwMDAwMDAwMDAsInJlYWQiOjEyMDAwMDAwMDAwMDAsInVwZGF0ZSI6MTIwMDAwMDAwMDAwMH19"
        }
      ]
    },
    {
      "mode": "managed",
      "type": "aws_s3_bucket_acl",
      "name": "stock-data-lake-acl",
      "provider": "provider[\"registry.terraform.io/hashicorp/aws\"]",
      "instances": [
        {
          "schema_version": 0,
          "attributes": {
            "access_control_policy": [
              {
                "grant": [
                  {
                    "grantee": [
                      {
                        "display_name": "jhcipar",
                        "email_address": "",
                        "id": "1c744b19d38c1248b40937b80685258229883603ad3d2bbd0cc34f741a71163c",
                        "type": "CanonicalUser",
                        "uri": ""
                      }
                    ],
                    "permission": "FULL_CONTROL"
                  }
                ],
                "owner": [
                  {
                    "display_name": "jhcipar",
                    "id": "1c744b19d38c1248b40937b80685258229883603ad3d2bbd0cc34f741a71163c"
                  }
                ]
              }
            ],
            "acl": "private",
            "bucket": "stock-data-lake-20221127014914767000000001",
            "expected_bucket_owner": "",
            "id": "stock-data-lake-20221127014914767000000001,private"
          },
          "sensitive_attributes": [],
          "private": "bnVsbA==",
          "dependencies": [
            "aws_s3_bucket.stock-data-lake"
          ]
        }
      ]
    }
  ]
}
